
Microsoft Visual Studio Solution File, Format Version 12.00
# Visual Studio Version 17
VisualStudioVersion = 17.2.32630.192
MinimumVisualStudioVersion = 10.0.40219.1
Project("{9A19103F-16F7-4668-BE54-9A1E7A4F7556}") = "Byrebank", "Byrebank\Byrebank.csproj", "{230BF79C-61D0-4412-8D3D-3452BCEE28CB}"
EndProject
Project("{FAE04EC0-301F-11D3-BF4B-00C04F79EFBC}") = "01-Exercicio_POO", "Exercio_POO\01-Exercicio_POO.csproj", "{6586A9A2-8FD8-4C1A-B523-56B6B7ECF3D3}"
EndProject
Project("{FAE04EC0-301F-11D3-BF4B-00C04F79EFBC}") = "Exercicio_POO02", "Exercicio_POO02\Exercicio_POO02.csproj", "{9516F7EF-5025-4874-BE18-873B1A15CD21}"
EndProject
Global
	GlobalSection(SolutionConfigurationPlatforms) = preSolution
		Debug|Any CPU = Debug|Any CPU
		Release|Any CPU = Release|Any CPU
	EndGlobalSection
	GlobalSection(ProjectConfigurationPlatforms) = postSolution
		{230BF79C-61D0-4412-8D3D-3452BCEE28CB}.Debug|Any CPU.ActiveCfg = Debug|Any CPU
		{230BF79C-61D0-4412-8D3D-3452BCEE28CB}.Debug|Any CPU.Build.0 = Debug|Any CPU
		{230BF79C-61D0-4412-8D3D-3452BCEE28CB}.Release|Any CPU.ActiveCfg = Release|Any CPU
		{230BF79C-61D0-4412-8D3D-3452BCEE28CB}.Release|Any CPU.Build.0 = Release|Any CPU
		{6586A9A2-8FD8-4C1A-B523-56B6B7ECF3D3}.Debug|Any CPU.ActiveCfg = Debug|Any CPU
		{6586A9A2-8FD8-4C1A-B523-56B6B7ECF3D3}.Debug|Any CPU.Build.0 = Debug|Any CPU
		{6586A9A2-8FD8-4C1A-B523-56B6B7ECF3D3}.Release|Any CPU.ActiveCfg = Release|Any CPU
		{6586A9A2-8FD8-4C1A-B523-56B6B7ECF3D3}.Release|Any CPU.Build.0 = Release|Any CPU
		{9516F7EF-5025-4874-BE18-873B1A15CD21}.Debug|Any CPU.ActiveCfg = Debug|Any CPU
		{9516F7EF-5025-4874-BE18-873B1A15CD21}.Debug|Any CPU.Build.0 = Debug|Any CPU
		{9516F7EF-5025-4874-BE18-873B1A15CD21}.Release|Any CPU.ActiveCfg = Release|Any CPU
		{9516F7EF-5025-4874-BE18-873B1A15CD21}.Release|Any CPU.Build.0 = Release|Any CPU
	EndGlobalSection
	GlobalSection(SolutionProperties) = preSolution
		HideSolutionNode = FALSE
	EndGlobalSection
	GlobalSection(ExtensibilityGlobals) = postSolution
		SolutionGuid = {B9F85E25-DE3D-4B08-97F7-EBC49FEB0326}
	EndGlobalSection
EndGlobal
